# THIS IS AN AUTOGENERATED FILE. DO NOT EDIT THIS FILE DIRECTLY.
assets/styles.scss.liquid:
  development: 2018-07-14T21:24:50-04:00   7c7518d893ea7e7c65df93238e64d83f
assets/theme.js.liquid:
  development: 2018-07-14T21:25:45-04:00   818ffd1d76a7ad699cd1914acbe381d9
sections/article-template.liquid:
  development: 2018-07-14T18:32:30-04:00   a076764d98094beb7284b892c61f5768
sections/blog_collections.liquid:
  development: 2018-07-14T17:07:59-04:00   1302f1016b27ac6a754bfaa0b0fa4d78
sections/blog_two-grid.liquid:
  development: 2018-07-14T15:50:48-04:00   534e98172789adc2e3488a4f2b60bbe0
sections/collection-stockists.liquid:
  development: 2018-07-14T18:59:20-04:00   d33d6a19bdb83be6a3852294982b4183
sections/product-template.liquid:
  development: 2018-07-14T19:30:52-04:00   967bba6308709d994a57582a8da02ea2
snippets/article_collections.liquid:
  development: 2018-07-14T18:38:44-04:00   462ff703f55a2a0a32d4e66fca2e5ea6
snippets/blog_responsive-image.liquid:
  development: 2018-07-14T15:49:24-04:00   61f6d034e80f41fd6c218ed13b7784d6
snippets/product-block-related.liquid:
  development: 2018-07-14T19:31:50-04:00   456542095c3d5b1443425a8f45484f2a
snippets/product-block.liquid:
  development: 2018-07-14T19:32:28-04:00   60873369e382f586d8d585953dc8a5ef
templates/article.liquid:
  development: 2018-07-14T16:27:36-04:00   58410de390496168f37fa3e9e5a22af0
templates/blog.liquid:
  development: 2018-07-14T16:01:18-04:00   b494178ec2e3c735573321a91ad1d5e4
templates/search.liquid:
  development: 2018-07-14T18:56:54-04:00   93d8f8388234d5c9b73823ee9b5f43d1
