# THIS IS AN AUTOGENERATED FILE. DO NOT EDIT THIS FILE DIRECTLY.
assets/ajax-load.gif:
  development: 2018-07-21T16:15:09-04:00   ad46810da5e5e0c860fb3d5ecf1f6a9f
assets/arrow-line.png:
  development: 2018-07-21T16:15:09-04:00   d469625e00524e9a116d9645746cf949
assets/blank.gif:
  development: 2018-07-21T16:15:09-04:00   325472601571f31e1bf00674c368d335
assets/block-cross.png:
  development: 2018-07-21T16:15:10-04:00   3d7ef91d26746f5cf78f3ea598950000
assets/fancy_close.png:
  development: 2018-07-21T16:15:10-04:00   6e2879a324a76e9972ebc98201aae1d8
assets/fancy_loading.png:
  development: 2018-07-21T16:15:10-04:00   b1d54c240cf06e7f41e372d56919b738
assets/fancy_nav_left.png:
  development: 2018-07-21T16:15:10-04:00   3f3e406102152cd8236383568a40ba35
assets/fancy_nav_right.png:
  development: 2018-07-21T16:15:10-04:00   216e4bde5bddeeaa60dc3d692890a68e
assets/fancy_title_left.png:
  development: 2018-07-21T16:15:10-04:00   1582ac2d3bef6a6445bf02ceca2741cd
assets/fancy_title_main.png:
  development: 2018-07-21T16:15:10-04:00   38dad6c1ed4bdc81c0bec721b2deb8c2
assets/fancy_title_over.png:
  development: 2018-07-21T16:15:10-04:00   b886fd165d4b7ac77d41fb52d87ffc60
assets/fancy_title_right.png:
  development: 2018-07-21T16:15:10-04:00   6cbe0c935511e7f9a2555ccb6a7324c4
assets/fancybox-x.png:
  development: 2018-07-21T16:15:10-04:00   168696d8a694214090ef90e029cdf393
assets/fancybox-y.png:
  development: 2018-07-21T16:15:10-04:00   36a58859beb9a6b19322a37466b9f78e
assets/fancybox.png:
  development: 2018-07-21T16:15:11-04:00   11e57e492ee0311540967cc7a1e6e3e2
assets/flexslider-leftright.png:
  development: 2018-07-21T16:15:11-04:00   7257c151475ef6ca9dfbc47b53de2b7a
assets/gravatar_def.png:
  development: 2018-07-21T16:15:11-04:00   06da8d6085cefaa8d592ab5614cad5bb
assets/ico-checkout-lock-contrasty.png:
  development: 2018-07-21T16:15:11-04:00   1f484cbe4b640dbc3f4a738c54bdfaf4
assets/jquery.cart.min.js:
  development: 2018-07-21T16:15:11-04:00   ede0ec10286f16bbfb4778a69ef4c778
assets/jquery.currencies.min.js:
  development: 2018-07-21T16:15:11-04:00   3714c8863fad54fbb64c4d24e9e61a01
assets/link-sq.png:
  development: 2018-07-21T16:15:11-04:00   97a7b1837c0c24c4d5a816a95d7e8d85
assets/loading.gif:
  development: 2018-07-28T16:22:08-04:00   035bdcba309e8f29b71abcf11d3e6ba3
assets/styles.scss.liquid:
  development: 2018-09-17T18:47:36-04:00   14b4e53aeecf86b141de78d6e61bc6c8
assets/swatch-aloha.png:
  development: 2018-07-27T15:14:15-04:00   d820f0ca97ebd1d71766005dad313809
assets/swatch-amber.png:
  development: 2018-07-27T15:14:25-04:00   de3f73e299653401902a6f4bf50be8c9
assets/swatch-ambrosia.png:
  development: 2018-07-27T18:26:49-04:00   4e57bc24b57a306b2be70bb64799727e
assets/swatch-amulet.png:
  development: 2018-07-21T16:15:11-04:00   81acc7b333b6d4c1f6b43438fa6ea023
assets/swatch-bijou.png:
  development: 2018-07-21T16:15:11-04:00   684e562d16f42148724dd3e248761b21
assets/swatch-blackbird.png:
  development: 2018-07-21T16:15:12-04:00   8849269e69274689fd46960d1645c657
assets/swatch-bonbon.png:
  development: 2018-07-27T18:26:56-04:00   e7d4c99b4f3718f47c381c4f3c18affb
assets/swatch-brandy.png:
  development: 2018-07-27T18:27:06-04:00   05477a84774b7c915a2b358531f126d0
assets/swatch-calico.png:
  development: 2018-07-21T16:15:12-04:00   626cf1e6bff5101cdf9482d2ffc0c401
assets/swatch-canyon.png:
  development: 2018-07-27T18:27:12-04:00   511fef36df0d18ada059a53141fd80bf
assets/swatch-casino.png:
  development: 2018-07-21T16:15:12-04:00   9b5a3a6c44fd61a8004b2c4cbb47d502
assets/swatch-celadon.png:
  development: 2018-07-27T18:27:17-04:00   9f43b6f0ba5c42aa72363fc0d4e70d9b
assets/swatch-channel.png:
  development: 2018-07-27T18:27:23-04:00   64b4301889b778ca9b2b9564a2d4413f
assets/swatch-charm.png:
  development: 2018-07-27T18:27:32-04:00   ae6407c3c1056fd998656378ed5d886e
assets/swatch-chess.png:
  development: 2018-07-21T16:15:12-04:00   5a949d2301cf7445d08e7c5057b12c63
assets/swatch-clay.png:
  development: 2018-07-27T18:27:39-04:00   267b2b5617ae65c98c7d4da2c80f9f91
assets/swatch-cognac.png:
  development: 2018-07-27T18:27:44-04:00   135c27298d2a1f3cc9e9b53821ee970d
assets/swatch-concrete.png:
  development: 2018-07-21T16:15:12-04:00   566159bccf6749561509ec060ded6bad
assets/swatch-corsica.png:
  development: 2018-07-27T18:27:49-04:00   41c9b925e2549a8d4c6c6c56bf4c44b5
assets/swatch-daybreak.png:
  development: 2018-07-27T18:27:56-04:00   c00a838bfbbcae10e00ee2db3dbf447e
assets/swatch-duchess.png:
  development: 2018-07-21T16:15:12-04:00   0c53dfda22616f5d2b4eced97777773d
assets/swatch-dusk.png:
  development: 2018-07-21T16:15:12-04:00   300676266ef63e878b6d4d100d3d3f73
assets/swatch-empress.png:
  development: 2018-07-21T16:15:13-04:00   907f45055e812b1ce069c1ab7a4f425a
assets/swatch-fete.png:
  development: 2018-07-27T18:28:09-04:00   3ecad98ac15b6c960cfa9e07bc63502e
assets/swatch-fiesta.png:
  development: 2018-07-27T18:28:32-04:00   564f9a992f3ecc1fec4448fbe18d9cb2
assets/swatch-florence.png:
  development: 2018-07-21T16:15:13-04:00   500b53c1c92e0af07e98c96847c1c803
assets/swatch-floret.png:
  development: 2018-07-21T16:15:13-04:00   fcc125061a77b76a252c026768410f9b
assets/swatch-hope.png:
  development: 2018-07-21T16:15:13-04:00   f263e5a65ee349c4dd8880196107558a
assets/swatch-mardi-gras.png:
  development: 2018-07-21T16:15:13-04:00   3aedbd5dcc6ce576b7ae981cabad8d83
assets/swatch-marine.png:
  development: 2018-07-21T16:15:13-04:00   558cd1f69b9f6ef7cc6ab56abd0ced51
assets/swatch-martinique.png:
  development: 2018-07-21T16:15:13-04:00   c80d7e2b719e271e70586bc78f389ec3
assets/swatch-nymph.png:
  development: 2018-07-27T15:14:58-04:00   e090c7f14efafe06cf604b1a0f3154f4
assets/swatch-opera.png:
  development: 2018-07-21T16:15:13-04:00   74e9cc77e09750241885cbd9fe5755e7
assets/swatch-orchid.png:
  development: 2018-07-21T16:15:13-04:00   a9929f3181a937180f6e80c1325966ae
assets/swatch-parasol.png:
  development: 2018-07-27T18:28:45-04:00   fc06b9e1152b7d86820e7dc7fa9c909e
assets/swatch-passion.png:
  development: 2018-07-21T16:15:13-04:00   c197e8446198d4117a08a623ef832e93
assets/swatch-pinwheel.png:
  development: 2018-07-27T18:28:50-04:00   561658c1bca8423d4b4bdb6047189279
assets/swatch-pirouette.png:
  development: 2018-07-21T16:15:14-04:00   49fdc3cccc948fd5e11e1acda7608d02
assets/swatch-plume.png:
  development: 2018-07-21T16:15:14-04:00   9cf1bc547d17f1be89ad9968d606225f
assets/swatch-ribbon-candy.png:
  development: 2018-07-21T16:15:14-04:00   ac9f27df57e8b9907da9a5a2f2503075
assets/swatch-ribboncandy.png:
  development: 2018-07-21T16:15:14-04:00   ac9f27df57e8b9907da9a5a2f2503075
assets/swatch-rockaway.png:
  development: 2018-07-27T18:29:07-04:00   4cbbf7e3eb770ba826c0ae143c62a579
assets/swatch-sardinia.png:
  development: 2018-07-27T18:29:15-04:00   0a9b2465b6aa27c9cfcc28ac61c7e8ca
assets/swatch-scorpio.png:
  development: 2018-07-21T16:15:14-04:00   7f94da09e3289ec09ae7f0df783b45ce
assets/swatch-seventies.png:
  development: 2018-07-27T18:29:24-04:00   dd4fbc53c502e252db4a6d449bd798db
assets/swatch-sriracha.png:
  development: 2018-07-27T18:29:31-04:00   f606454b40596a422379bf2cf0bf2f79
assets/swatch-starboard.png:
  development: 2018-07-27T18:29:36-04:00   280e6a4726ba9a664ec1e1129cb4fbba
assets/swatch-swell.png:
  development: 2018-07-27T18:29:42-04:00   129d2a88037e0fd0340d119e4b177080
assets/swatch-topanga.png:
  development: 2018-07-21T16:15:14-04:00   016bf9946c4c025557dfa0010f13381f
assets/swatch-tuxedo.png:
  development: 2018-07-21T16:15:14-04:00   2dac59f57a4f00fd15cf37a575f593eb
assets/swatch-voyage.png:
  development: 2018-07-27T18:29:51-04:00   757b2f35fa1d655bf5f7e1fae66b15a0
assets/theme.js.liquid:
  development: 2018-07-21T16:15:15-04:00   e5ad777d0d82bd0282e03e2a2b9e6b29
assets/tricky3.infinitescroll.v2.min.js:
  development: 2018-07-21T16:15:15-04:00   fc505c5c4317a1bd58b61b26221f415b
assets/vendor.js:
  development: 2018-07-21T16:15:15-04:00   5bdc53a0f6bfe13c7b2a7ec2e18f8c4d
config/settings_data.json:
  development: 2018-09-20T15:30:33-04:00   cd5c4b2a7e0d0ed08dc96350053f750f
config/settings_schema.json:
  development: 2018-08-11T16:37:15-04:00   12b3cf5e42046a0bdd5c8bb579f8ced4
layout/theme.liquid:
  development: 2018-08-02T17:14:51-04:00   25dc857b3e55b1aa83269123c0da53c1
locales/en.default.json:
  development: 2018-07-21T16:15:15-04:00   58c7e7ca260807529ed3aeb4283df708
sections/article-template.liquid:
  development: 2018-07-21T16:15:06-04:00   a076764d98094beb7284b892c61f5768
sections/blog-template.liquid:
  development: 2018-09-20T16:05:26-04:00   60b69110922d03d29a6c5ad6e343a769
sections/blog_collections.liquid:
  development: 2018-09-20T15:41:36-04:00   d81bad190c3d759631d65625b840d97c
sections/blog_three-grid.liquid:
  development: 2018-09-20T16:03:10-04:00   618a463411ac09c4cbe9e033c1bf5484
sections/blog_two-grid.liquid:
  development: 2018-07-28T16:30:17-04:00   19ee32523ba3d01abd84529c70af43b0
sections/cart-template.liquid:
  development: 2018-07-28T15:39:44-04:00   7c3b280dc324118a34df8d9fc4b24de1
sections/collage-with-text.liquid:
  development: 2018-07-21T16:15:07-04:00   57ac66c25707bb21e40a5972a014d79e
sections/collection-stockists.liquid:
  development: 2018-07-21T16:15:07-04:00   bbdb09361fbdba25fb5ba4a430236baa
sections/collection-template.liquid:
  development: 2018-09-20T15:39:57-04:00   1c8d4410c1029f1084ec32ff2f978a65
sections/collections-archive-images.liquid:
  development: 2018-09-20T15:02:21-04:00   e1f9a1b28d4e0b14168217f998320ffc
sections/community-custom-one.liquid:
  development: 2018-07-21T16:15:07-04:00   9377277ed473838fb2be49b84b90d5d3
sections/community-custom-two.liquid:
  development: 2018-07-21T16:15:07-04:00   8f2343e6e6d67989de9ff9fb114fad27
sections/community-rich-text.liquid:
  development: 2018-07-21T16:15:07-04:00   4b4d573cc5c0735a567a89ca68630bf2
sections/cross-page-promos.liquid:
  development: 2018-07-21T16:15:07-04:00   0d18ccd5137d0dfc2af520f191369c93
sections/custom-row.liquid:
  development: 2018-07-21T16:15:07-04:00   2e16b5e6bc8f96e7f55aeb86fc4a5c99
sections/ecology-custom.liquid:
  development: 2018-07-21T16:15:07-04:00   8218dbd6d5487b3e9086e12514dd3486
sections/featured-blog.liquid:
  development: 2018-07-21T16:15:07-04:00   319ebd573269c1df822472918676b07f
sections/featured-collection.liquid:
  development: 2018-07-21T16:15:07-04:00   10353cf4088c356de3d5eefc08cce852
sections/featured-collections.liquid:
  development: 2018-07-21T16:15:07-04:00   cde041097ad8f5f0fdf58a0021eb9846
sections/featured-product.liquid:
  development: 2018-07-22T21:22:04-04:00   9d52afcac4075a6a666ef6fe10a0a0d9
sections/footer.liquid:
  development: 2018-07-21T16:15:07-04:00   b6693458aac63f6fbef2d180a0df7cc1
sections/giving-back-custom.liquid:
  development: 2018-07-21T16:15:07-04:00   7a00f307cb8074b31c66991b7361db5a
sections/header.liquid:
  development: 2018-07-21T16:20:18-04:00   1208dd0aac8111809a99e7efee42f8c2
sections/homepage_content-section.liquid:
  development: 2018-07-21T16:15:07-04:00   4a758dcf7d6b629550a7fe4f843e10a0
sections/image-with-text.liquid:
  development: 2018-07-21T16:15:07-04:00   c573bfca20e229377e0512d70140b9bc
sections/instagram.liquid:
  development: 2018-07-21T16:15:08-04:00   0fb9e1b94fefff5a878b0b0ae794740a
sections/lifespan-custom.liquid:
  development: 2018-07-21T16:15:08-04:00   f5563d05b18b0866e571581d8227fe54
sections/list-collections-template.liquid:
  development: 2018-07-21T16:15:08-04:00   0f0a2177e6ba3bce00fef68a52a0e3e4
sections/map.liquid:
  development: 2018-07-21T16:15:08-04:00   83291f19c551fb1445fccbf6e451c573
sections/newsletter.liquid:
  development: 2018-07-21T16:15:08-04:00   8cc63fde6701c7b157ac282470dc6550
sections/no-waste-custom.liquid:
  development: 2018-07-21T16:15:08-04:00   a07d2251e6b15262003e5906621b7eb1
sections/page-list-collections-template.liquid:
  development: 2018-07-21T16:15:08-04:00   45f573f3633f9dc34214595dcd75f561
sections/page-values.liquid:
  development: 2018-08-11T15:58:54-04:00   b07693d1b839dd869cb3dfffea88f774
sections/process-custom-one.liquid:
  development: 2018-07-21T16:15:08-04:00   10b717cba8973ac3bb339c763b414026
sections/product-template.liquid:
  development: 2018-08-11T18:46:56-04:00   1822cc2493a0d77a6fb6c501a6aa6fc7
sections/product-template_stockists.liquid:
  development: 2018-08-23T13:48:40-04:00   b8f88d0d507f5e4cdb595f984edb1a80
sections/quilt-custom-one.liquid:
  development: 2018-07-21T16:15:08-04:00   b100fecc221772f06cfa5eef235667be
sections/season.liquid:
  development: 2018-07-21T16:15:08-04:00   64f5a26ac5e1e0e1bd126b37bb071b4c
sections/slideshow.liquid:
  development: 2018-07-21T16:15:08-04:00   d6ea6620cd0e6cc820dc79727ddec780
sections/slow-fashion-custom.liquid:
  development: 2018-07-21T16:15:08-04:00   87c818e04942d4ed6c9cf2735826d144
sections/ss18-collection-carousel.liquid:
  development: 2018-07-21T16:15:08-04:00
sections/ss18-video.liquid:
  development: 2018-07-21T16:15:08-04:00   56f5d8d869845017b24465ca2acf4b27
sections/story-custom-one.liquid:
  development: 2018-07-21T16:15:08-04:00   0cd124944da07c6580a977c760cf66ef
sections/story-custom-three.liquid:
  development: 2018-07-21T16:15:09-04:00   ec7b0203e2404a82c463689ad00af271
sections/story-custom-two.liquid:
  development: 2018-07-21T16:15:09-04:00   de07816bfaa545a52b9020abf037a5fa
sections/story-rich-text-two.liquid:
  development: 2018-07-21T16:15:09-04:00   28667c53b1d0a21d15227fb04cc21c1b
sections/story-rich-text.liquid:
  development: 2018-07-21T16:15:09-04:00   293fb6144b0758cf8f6c2add46748706
sections/text-full-width.liquid:
  development: 2018-07-21T16:15:09-04:00   30420ab5df99a8386d309df8cecd0043
sections/text-image-overlay.liquid:
  development: 2018-07-21T16:15:09-04:00   d32696c5eea46848af1bd816a02bbde8
sections/textile-archive-images.liquid:
  development: 2018-07-21T16:15:09-04:00   9c2e5ea59d1ce3ab30ddebe67427567c
sections/values-custom-one.liquid:
  development: 2018-07-21T16:15:09-04:00   e2d6fe528a690859f93f9afa90b6ec0c
sections/video.liquid:
  development: 2018-07-21T16:15:09-04:00   d17626a74326c6320ba15c3591f97bd1
snippets/article_collections.liquid:
  development: 2018-07-21T16:15:15-04:00   0f4a336c3a0f185289be8ab6fd8ad17c
snippets/back-in-stock-helper.liquid:
  development: 2018-08-02T17:14:50-04:00   39d4ca6c91e9d4710eaff814870e69a9
snippets/bgset.liquid:
  development: 2018-07-21T16:15:15-04:00   85889bbc39b57621f32fad66317366fc
snippets/blog_responsive-image.liquid:
  development: 2018-07-21T16:15:15-04:00   61f6d034e80f41fd6c218ed13b7784d6
snippets/collection-block.liquid:
  development: 2018-07-21T16:15:15-04:00   bfe62b778fd0bc81f244b632fa35d1e2
snippets/collections_product-img-switch.liquid:
  development: 2018-08-13T23:43:29-04:00   a53f816bb6ad57c0fee55f32e4edd201
snippets/currencies-switcher.liquid:
  development: 2018-07-21T16:15:16-04:00   c22db5b97b1de1d19bd3028e36273c3b
snippets/currencies.liquid:
  development: 2018-07-21T16:15:16-04:00   b526805f9102bd8425621aa0c560d14d
snippets/google-fonts-import.liquid:
  development: 2018-07-21T16:15:16-04:00   f68c28a0a676f73491a4df69aebe7d8b
snippets/icon-chat.liquid:
  development: 2018-07-21T16:15:16-04:00   2483812b5c64cb08472b2849d8da1464
snippets/icon-chevron-down.liquid:
  development: 2018-07-21T16:15:16-04:00   c66b213d1dfff391c61146727032f068
snippets/icon-delivery.liquid:
  development: 2018-07-21T16:15:16-04:00   e3273ba950965c728ca6a2ecf47b2d89
snippets/icon-email.liquid:
  development: 2018-07-21T16:15:16-04:00   ecb52ee8e00aa09dea7bf8ea1313c73e
snippets/icon-gift.liquid:
  development: 2018-07-21T16:15:16-04:00   50a01d472d13646eb837741e6eab3eb9
snippets/icon-heart.liquid:
  development: 2018-07-21T16:15:16-04:00   758a899a5698c062153af42f4222a1d6
snippets/icon-label.liquid:
  development: 2018-07-21T16:15:16-04:00   b1373980454e2e7268412a309047f506
snippets/icon-location.liquid:
  development: 2018-07-21T16:15:16-04:00   1b86ad1bd21726af8f603ff1e985e352
snippets/icon-lock.liquid:
  development: 2018-07-21T16:15:16-04:00   f3ae264a60df3a94fceab72c0bedaec4
snippets/icon-people.liquid:
  development: 2018-07-21T16:15:16-04:00   e8041860c7b7535c0a13cd093458667b
snippets/icon-question.liquid:
  development: 2018-07-21T16:15:16-04:00   c09c4970588aac03d0f1e8379cd55314
snippets/icon-smile.liquid:
  development: 2018-07-21T16:15:16-04:00   43a0d8c1270df0fb2cb072dcad6c9fbf
snippets/icon-star.liquid:
  development: 2018-07-21T16:15:16-04:00   0a1fc006b80a05d91c049e2a5bee0f82
snippets/icon-telephone.liquid:
  development: 2018-07-21T16:15:16-04:00   d31fac238c59e4d8d6b947575403bddf
snippets/onboarding-collection-block.liquid:
  development: 2018-07-21T16:15:16-04:00   e14754b22bb8ce68051707f3b7e94f38
snippets/onboarding-product-block.liquid:
  development: 2018-07-21T16:15:16-04:00   cfc8826bcb27e8371772c66a8ff0d9a3
snippets/opengraph-tags.liquid:
  development: 2018-07-21T16:15:16-04:00   fe3a2f99c2e3e45a36403f38dd2c410b
snippets/pagination-control.liquid:
  development: 2018-07-21T16:15:16-04:00   92a25c51258bed148f20d5b415af7508
snippets/product-block-related.liquid:
  development: 2018-07-27T23:20:19-04:00   e6f2aa494248f5ebcc506768fb408244
snippets/product-block-stockists.liquid:
  development: 2018-07-22T21:22:16-04:00   2bf0efd742b5211b254215f7ff35fb52
snippets/product-block.liquid:
  development: 2018-08-13T23:42:41-04:00   40817b7a1bb651f9564ee5c66d860da4
snippets/product-label.liquid:
  development: 2018-07-21T16:15:17-04:00   aba99a8726625c9412a4d18a397eb3a1
snippets/products_product-img-switch.liquid:
  development: 2018-07-27T23:49:09-04:00   e7e0b4e07b6535d55042ba7216d3e140
snippets/related-products.liquid:
  development: 2018-07-21T16:15:17-04:00   cdfcbf8cfbe09bd3f1c520099c073843
snippets/responsive-image.liquid:
  development: 2018-07-27T23:15:50-04:00   e7f191cc959858897839f40445e34643
snippets/shipping-calculator.liquid:
  development: 2018-07-21T16:15:17-04:00   0ce0c83e81f482d9b1b604f73e5c0a58
snippets/signup-form.liquid:
  development: 2018-07-21T16:15:17-04:00   9de44bd7e728e9b5ccc50a6c06fa7b57
snippets/snippet_page-nav.liquid:
  development: 2018-07-21T16:15:17-04:00   3f5520a24be28e5399943ac5fdbe0e81
snippets/social-icons.liquid:
  development: 2018-07-21T16:15:17-04:00   1164ba4f290639d58b7e924b51d5d608
snippets/social-sharing.liquid:
  development: 2018-07-21T16:15:17-04:00   c14f487c5f2ad43a347890d0d6484ac0
snippets/svg-cart.liquid:
  development: 2018-07-21T16:15:17-04:00   4651c17b9ede44b6f832319829dcdea5
snippets/svg-chevron-left.liquid:
  development: 2018-07-21T16:15:17-04:00   5727f869509c87f4d25c2225f0968573
snippets/svg-chevron-right.liquid:
  development: 2018-07-21T16:15:17-04:00   9c59704b1de34c9fbb54c100b907ac85
snippets/svg-email.liquid:
  development: 2018-07-21T16:15:17-04:00   4299bd8e72a7c9e711ad4ba324621948
snippets/svg-facebook.liquid:
  development: 2018-07-21T16:15:17-04:00   bd545649043ed4f29eccf2d1fcb6ab5b
snippets/svg-google-plus.liquid:
  development: 2018-07-21T16:15:17-04:00   db44176be06a771ce7c82e39aceac411
snippets/svg-instagram.liquid:
  development: 2018-07-21T16:15:17-04:00   fb0d7a347cc26019c5339527631ce0fd
snippets/svg-menu.liquid:
  development: 2018-07-21T16:15:17-04:00   16eaefa16dfa6059944043f7359daecb
snippets/svg-minus.liquid:
  development: 2018-07-21T16:15:17-04:00   15045766075ec58681d11b620ea50b0e
snippets/svg-pin.liquid:
  development: 2018-07-21T16:15:17-04:00   4489927c810278358fe5b6396d5c11f3
snippets/svg-pinterest.liquid:
  development: 2018-07-21T16:15:17-04:00   c7d59f067b24e00b4269e01b743c5dd1
snippets/svg-plus.liquid:
  development: 2018-07-21T16:15:17-04:00   93dca0e17069e1a6da6b83f2e0c14e84
snippets/svg-rss.liquid:
  development: 2018-07-21T16:15:18-04:00   5ec010ebedfe7033af23b77953228b4a
snippets/svg-search.liquid:
  development: 2018-07-21T16:15:18-04:00   c6a4db3a45e5098e0bc20b73b5792f14
snippets/svg-tumblr.liquid:
  development: 2018-07-21T16:15:18-04:00   84f8eea0e35a515849847291aca80153
snippets/svg-twitter.liquid:
  development: 2018-07-21T16:15:18-04:00   4c84464febd7b4c6cb341f82003a3c6e
snippets/svg-vimeo.liquid:
  development: 2018-07-21T16:15:18-04:00   9c6e0eb1270b656d65bb8b22ae029839
snippets/svg-x.liquid:
  development: 2018-07-21T16:15:18-04:00   b0200bf7cbbb26c32989e7a0e4d19eef
snippets/svg-youtube.liquid:
  development: 2018-07-21T16:15:18-04:00   f882aa0f1c0daa5572373446cea04d2b
snippets/twitter-card.liquid:
  development: 2018-07-21T16:15:18-04:00   0d9a15154ad4806061bf489328617b0b
templates/404.liquid:
  development: 2018-07-21T16:15:18-04:00   9ba86ad1a468d4789cd06025a95629ab
templates/article.liquid:
  development: 2018-07-21T16:15:18-04:00   58410de390496168f37fa3e9e5a22af0
templates/blog.liquid:
  development: 2018-09-20T16:04:40-04:00   4b446e1791b2c6adf56f79a0d9c4c843
templates/cart.liquid:
  development: 2018-07-21T16:15:18-04:00   714b4b7c62d583b231f339bbd1b85d03
templates/collection.liquid:
  development: 2018-07-21T16:15:18-04:00   5db0256874fca1cc72a6f068888fe095
templates/collection.stockists.liquid:
  development: 2018-07-21T16:15:18-04:00   41f304e11dc1bdef44bbc8320897c98d
templates/customers/account.liquid:
  development: 2018-07-21T16:15:18-04:00   ffcc2993c458729c6815aef6dd1d3170
templates/customers/activate_account.liquid:
  development: 2018-07-21T16:15:18-04:00   1130f56a5f5f2667544e3cfdfb9d95ad
templates/customers/addresses.liquid:
  development: 2018-07-21T16:15:18-04:00   41ec9b3c991df45e32d8dbe171508f5d
templates/customers/login.liquid:
  development: 2018-07-21T16:15:18-04:00   8a87bf1d97dc632cc92bb2fc8092d705
templates/customers/order.liquid:
  development: 2018-07-21T16:15:18-04:00   b5533d75d62bbee1d0f31ed3512ab399
templates/customers/register.liquid:
  development: 2018-07-21T16:15:18-04:00   dea69cdb8789b904bb1543c895697412
templates/customers/reset_password.liquid:
  development: 2018-07-21T16:15:18-04:00   8af3063ce449381cde3449ec9567dc10
templates/gift_card.liquid:
  development: 2018-07-21T16:15:19-04:00   8a3c12b7823ec57b06e3d6c2d07701c1
templates/index.liquid:
  development: 2018-07-21T16:15:19-04:00   56b51b6f96394db4b17c64b43e1c0010
templates/list-collections.liquid:
  development: 2018-07-21T16:15:19-04:00   2a3229f9bf1a7d5da0eb25003db24b63
templates/page.article-width.liquid:
  development: 2018-07-21T16:15:19-04:00   e5e1ac2e5d9c54edf160d77d68989e3e
templates/page.collections-archive.liquid:
  development: 2018-09-20T15:02:54-04:00   051acd2d8e77deb8b9b5c21e15e88968
templates/page.community-quilt.liquid:
  development: 2018-07-21T16:15:19-04:00   e8f464a591edc9ccd4e4078aa405cc51
templates/page.community.liquid:
  development: 2018-07-21T16:15:19-04:00   682be45ef9bf4633f30fd004aa90f12f
templates/page.contact-centered.liquid:
  development: 2018-07-21T16:15:19-04:00   c750227e4d255b58a72b1854733ea4ca
templates/page.contact.liquid:
  development: 2018-07-21T16:15:19-04:00   50668a53e640c12e987b7ff8d6c1a1ac
templates/page.ecology.liquid:
  development: 2018-07-21T16:15:19-04:00   898a6e56567f438cb7aa226b8133303c
templates/page.giving-back.liquid:
  development: 2018-07-21T16:15:19-04:00   df596619bed3d6b232790301e23dbd8f
templates/page.lifespan.liquid:
  development: 2018-07-21T16:15:19-04:00   d23d857e16e732ac9b430befcfdb7d0f
templates/page.liquid:
  development: 2018-07-21T16:15:19-04:00   6bcf148fb3d183da053b38c18ee233c6
templates/page.list-collections.liquid:
  development: 2018-07-21T16:15:19-04:00   640676604293ba3f1b75060dd32b1570
templates/page.no-waste.liquid:
  development: 2018-07-21T16:15:19-04:00   9573f439bc2c52974a2833fc60b4d822
templates/page.process.liquid:
  development: 2018-07-21T16:15:19-04:00   955dd74083acbc0c7bef4ef2d7a19a64
templates/page.season.liquid:
  development: 2018-07-21T16:15:19-04:00   1ba88010aebc9c357a67c83fce73eb3a
templates/page.slow-fashion.liquid:
  development: 2018-07-21T16:15:19-04:00   1818f945198c734e3ac24af77adb86f2
templates/page.spring18.liquid:
  development: 2018-07-21T16:15:19-04:00   73c6d8966a9db41b76067caded1e91e9
templates/page.stockists-store.liquid:
  development: 2018-07-21T16:15:19-04:00   7fe1688d4ea686351c554096a8041d96
templates/page.story.liquid:
  development: 2018-07-21T16:15:19-04:00   3e902af70c26abcbb64bfc7a4e1810f8
templates/page.textile-archive.liquid:
  development: 2018-09-20T15:02:35-04:00   6af1e853d706e7c29e14e3dd9a587097
templates/page.values.liquid:
  development: 2018-07-21T16:15:19-04:00   807f18419a20061a302a9ff620f0954b
templates/password.liquid:
  development: 2018-07-21T16:15:20-04:00   3ead256f98776c1704e70484a3393613
templates/product.liquid:
  development: 2018-08-03T12:15:43-04:00   b1d812449403bafe9a29c662b4214b12
templates/product.stockists.liquid:
  development: 2018-07-21T16:15:20-04:00   28ff4c7d9b62dab1bc517bc558e84556
templates/search.json.liquid:
  development: 2018-07-21T16:15:20-04:00   4b1b774c2f7224df98b431294e90866e
templates/search.liquid:
  development: 2018-07-21T16:15:20-04:00   93d8f8388234d5c9b73823ee9b5f43d1
